// !$*UTF8*$!
{
	archiveVersion = 1;
	classes = {
	};
	objectVersion = 56;
	objects = {

/* Begin PBXBuildFile section */
		740EC7AE28C91E0000F1EE01 /* ResultModel.swift in Sources */ = {isa = PBXBuildFile; fileRef = 740EC7AD28C91E0000F1EE01 /* ResultModel.swift */; };
		74933D1D29521B9D00B98315 /* IQKeyboardManagerSwift in Frameworks */ = {isa = PBXBuildFile; productRef = 74933D1C29521B9D00B98315 /* IQKeyboardManagerSwift */; };
		74DB6A2A28C616F20031EBAF /* AppDelegate.swift in Sources */ = {isa = PBXBuildFile; fileRef = 74DB6A2928C616F20031EBAF /* AppDelegate.swift */; };
		74DB6A2C28C616F20031EBAF /* SceneDelegate.swift in Sources */ = {isa = PBXBuildFile; fileRef = 74DB6A2B28C616F20031EBAF /* SceneDelegate.swift */; };
		74DB6A2E28C616F20031EBAF /* LoginViewController.swift in Sources */ = {isa = PBXBuildFile; fileRef = 74DB6A2D28C616F20031EBAF /* LoginViewController.swift */; };
		74DB6A3128C616F20031EBAF /* Main.storyboard in Resources */ = {isa = PBXBuildFile; fileRef = 74DB6A2F28C616F20031EBAF /* Main.storyboard */; };
		74DB6A3328C616F30031EBAF /* Assets.xcassets in Resources */ = {isa = PBXBuildFile; fileRef = 74DB6A3228C616F30031EBAF /* Assets.xcassets */; };
		74DB6A3628C616F30031EBAF /* LaunchScreen.storyboard in Resources */ = {isa = PBXBuildFile; fileRef = 74DB6A3428C616F30031EBAF /* LaunchScreen.storyboard */; };
		74DB6A4028C61A990031EBAF /* ResultViewController.swift in Sources */ = {isa = PBXBuildFile; fileRef = 74DB6A3F28C61A990031EBAF /* ResultViewController.swift */; };
		74DB6A4428C61E4D0031EBAF /* LoginModel.swift in Sources */ = {isa = PBXBuildFile; fileRef = 74DB6A4328C61E4D0031EBAF /* LoginModel.swift */; };
		74DB6A4628C61F3F0031EBAF /* LoginManager.swift in Sources */ = {isa = PBXBuildFile; fileRef = 74DB6A4528C61F3F0031EBAF /* LoginManager.swift */; };
/* End PBXBuildFile section */

/* Begin PBXFileReference section */
		740EC7AD28C91E0000F1EE01 /* ResultModel.swift */ = {isa = PBXFileReference; lastKnownFileType = sourcecode.swift; path = ResultModel.swift; sourceTree = "<group>"; };
		74DB6A2628C616F20031EBAF /* LoginApp.app */ = {isa = PBXFileReference; explicitFileType = wrapper.application; includeInIndex = 0; path = LoginApp.app; sourceTree = BUILT_PRODUCTS_DIR; };
		74DB6A2928C616F20031EBAF /* AppDelegate.swift */ = {isa = PBXFileReference; lastKnownFileType = sourcecode.swift; path = AppDelegate.swift; sourceTree = "<group>"; };
		74DB6A2B28C616F20031EBAF /* SceneDelegate.swift */ = {isa = PBXFileReference; lastKnownFileType = sourcecode.swift; path = SceneDelegate.swift; sourceTree = "<group>"; };
		74DB6A2D28C616F20031EBAF /* LoginViewController.swift */ = {isa = PBXFileReference; lastKnownFileType = sourcecode.swift; path = LoginViewController.swift; sourceTree = "<group>"; };
		74DB6A3028C616F20031EBAF /* Base */ = {isa = PBXFileReference; lastKnownFileType = file.storyboard; name = Base; path = Base.lproj/Main.storyboard; sourceTree = "<group>"; };
		74DB6A3228C616F30031EBAF /* Assets.xcassets */ = {isa = PBXFileReference; lastKnownFileType = folder.assetcatalog; path = Assets.xcassets; sourceTree = "<group>"; };
		74DB6A3528C616F30031EBAF /* Base */ = {isa = PBXFileReference; lastKnownFileType = file.storyboard; name = Base; path = Base.lproj/LaunchScreen.storyboard; sourceTree = "<group>"; };
		74DB6A3728C616F30031EBAF /* Info.plist */ = {isa = PBXFileReference; lastKnownFileType = text.plist.xml; path = Info.plist; sourceTree = "<group>"; };
		74DB6A3F28C61A990031EBAF /* ResultViewController.swift */ = {isa = PBXFileReference; lastKnownFileType = sourcecode.swift; path = ResultViewController.swift; sourceTree = "<group>"; };
		74DB6A4328C61E4D0031EBAF /* LoginModel.swift */ = {isa = PBXFileReference; lastKnownFileType = sourcecode.swift; path = LoginModel.swift; sourceTree = "<group>"; };
		74DB6A4528C61F3F0031EBAF /* LoginManager.swift */ = {isa = PBXFileReference; lastKnownFileType = sourcecode.swift; path = LoginManager.swift; sourceTree = "<group>"; };
/* End PBXFileReference section */

/* Begin PBXFrameworksBuildPhase section */
		74DB6A2328C616F20031EBAF /* Frameworks */ = {
			isa = PBXFrameworksBuildPhase;
			buildActionMask = 2147483647;
			files = (
				74933D1D29521B9D00B98315 /* IQKeyboardManagerSwift in Frameworks */,
			);
			runOnlyForDeploymentPostprocessing = 0;
		};
/* End PBXFrameworksBuildPhase section */

/* Begin PBXGroup section */
		74DB6A1D28C616F20031EBAF = {
			isa = PBXGroup;
			children = (
				74DB6A2828C616F20031EBAF /* LoginApp */,
				74DB6A2728C616F20031EBAF /* Products */,
			);
			sourceTree = "<group>";
		};
		74DB6A2728C616F20031EBAF /* Products */ = {
			isa = PBXGroup;
			children = (
				74DB6A2628C616F20031EBAF /* LoginApp.app */,
			);
			name = Products;
			sourceTree = "<group>";
		};
		74DB6A2828C616F20031EBAF /* LoginApp */ = {
			isa = PBXGroup;
			children = (
				74DB6A2928C616F20031EBAF /* AppDelegate.swift */,
				74DB6A2B28C616F20031EBAF /* SceneDelegate.swift */,
				74DB6A4228C61E3A0031EBAF /* Model */,
				74DB6A3E28C6173C0031EBAF /* Controller */,
				74DB6A3D28C617350031EBAF /* View */,
				74DB6A4128C61DC60031EBAF /* Support files */,
				74DB6A3728C616F30031EBAF /* Info.plist */,
			);
			path = LoginApp;
			sourceTree = "<group>";
		};
		74DB6A3D28C617350031EBAF /* View */ = {
			isa = PBXGroup;
			children = (
				74DB6A2F28C616F20031EBAF /* Main.storyboard */,
			);
			path = View;
			sourceTree = "<group>";
		};
		74DB6A3E28C6173C0031EBAF /* Controller */ = {
			isa = PBXGroup;
			children = (
				74DB6A2D28C616F20031EBAF /* LoginViewController.swift */,
				74DB6A3F28C61A990031EBAF /* ResultViewController.swift */,
			);
			path = Controller;
			sourceTree = "<group>";
		};
		74DB6A4128C61DC60031EBAF /* Support files */ = {
			isa = PBXGroup;
			children = (
				74DB6A3228C616F30031EBAF /* Assets.xcassets */,
				74DB6A3428C616F30031EBAF /* LaunchScreen.storyboard */,
			);
			path = "Support files";
			sourceTree = "<group>";
		};
		74DB6A4228C61E3A0031EBAF /* Model */ = {
			isa = PBXGroup;
			children = (
				74DB6A4328C61E4D0031EBAF /* LoginModel.swift */,
				74DB6A4528C61F3F0031EBAF /* LoginManager.swift */,
				740EC7AD28C91E0000F1EE01 /* ResultModel.swift */,
			);
			path = Model;
			sourceTree = "<group>";
		};
/* End PBXGroup section */

/* Begin PBXNativeTarget section */
		74DB6A2528C616F20031EBAF /* LoginApp */ = {
			isa = PBXNativeTarget;
			buildConfigurationList = 74DB6A3A28C616F30031EBAF /* Build configuration list for PBXNativeTarget "LoginApp" */;
			buildPhases = (
				74DB6A2228C616F20031EBAF /* Sources */,
				74DB6A2328C616F20031EBAF /* Frameworks */,
				74DB6A2428C616F20031EBAF /* Resources */,
			);
			buildRules = (
			);
			dependencies = (
			);
			name = LoginApp;
			packageProductDependencies = (
				74933D1C29521B9D00B98315 /* IQKeyboardManagerSwift */,
			);
			productName = LoginApp;
			productReference = 74DB6A2628C616F20031EBAF /* LoginApp.app */;
			productType = "com.apple.product-type.application";
		};
/* End PBXNativeTarget section */

/* Begin PBXProject section */
		74DB6A1E28C616F20031EBAF /* Project object */ = {
			isa = PBXProject;
			attributes = {
				BuildIndependentTargetsInParallel = 1;
				LastSwiftUpdateCheck = 1400;
				LastUpgradeCheck = 1400;
				TargetAttributes = {
					74DB6A2528C616F20031EBAF = {
						CreatedOnToolsVersion = 14.0;
					};
				};
			};
			buildConfigurationList = 74DB6A2128C616F20031EBAF /* Build configuration list for PBXProject "LoginApp" */;
			compatibilityVersion = "Xcode 14.0";
			developmentRegion = en;
			hasScannedForEncodings = 0;
			knownRegions = (
				en,
				Base,
			);
			mainGroup = 74DB6A1D28C616F20031EBAF;
			packageReferences = (
				74933D1B29521B9D00B98315 /* XCRemoteSwiftPackageReference "IQKeyboardManager" */,
			);
			productRefGroup = 74DB6A2728C616F20031EBAF /* Products */;
			projectDirPath = "";
			projectRoot = "";
			targets = (
				74DB6A2528C616F20031EBAF /* LoginApp */,
			);
		};
/* End PBXProject section */

/* Begin PBXResourcesBuildPhase section */
		74DB6A2428C616F20031EBAF /* Resources */ = {
			isa = PBXResourcesBuildPhase;
			buildActionMask = 2147483647;
			files = (
				74DB6A3628C616F30031EBAF /* LaunchScreen.storyboard in Resources */,
				74DB6A3328C616F30031EBAF /* Assets.xcassets in Resources */,
				74DB6A3128C616F20031EBAF /* Main.storyboard in Resources */,
			);
			runOnlyForDeploymentPostprocessing = 0;
		};
/* End PBXResourcesBuildPhase section */

/* Begin PBXSourcesBuildPhase section */
		74DB6A2228C616F20031EBAF /* Sources */ = {
			isa = PBXSourcesBuildPhase;
			buildActionMask = 2147483647;
			files = (
				74DB6A4428C61E4D0031EBAF /* LoginModel.swift in Sources */,
				74DB6A2E28C616F20031EBAF /* LoginViewController.swift in Sources */,
				74DB6A2A28C616F20031EBAF /* AppDelegate.swift in Sources */,
				74DB6A2C28C616F20031EBAF /* SceneDelegate.swift in Sources */,
				74DB6A4028C61A990031EBAF /* ResultViewController.swift in Sources */,
				740EC7AE28C91E0000F1EE01 /* ResultModel.swift in Sources */,
				74DB6A4628C61F3F0031EBAF /* LoginManager.swift in Sources */,
			);
			runOnlyForDeploymentPostprocessing = 0;
		};
/* End PBXSourcesBuildPhase section */

/* Begin PBXVariantGroup section */
		74DB6A2F28C616F20031EBAF /* Main.storyboard */ = {
			isa = PBXVariantGroup;
			children = (
				74DB6A3028C616F20031EBAF /* Base */,
			);
			name = Main.storyboard;
			sourceTree = "<group>";
		};
		74DB6A3428C616F30031EBAF /* LaunchScreen.storyboard */ = {
			isa = PBXVariantGroup;
			children = (
				74DB6A3528C616F30031EBAF /* Base */,
			);
			name = LaunchScreen.storyboard;
			sourceTree = "<group>";
		};
/* End PBXVariantGroup section */

/* Begin XCBuildConfiguration section */
		74DB6A3828C616F30031EBAF /* Debug */ = {
			isa = XCBuildConfiguration;
			buildSettings = {
				ALWAYS_SEARCH_USER_PATHS = NO;
				CLANG_ANALYZER_NONNULL = YES;
				CLANG_ANALYZER_NUMBER_OBJECT_CONVERSION = YES_AGGRESSIVE;
				CLANG_CXX_LANGUAGE_STANDARD = "gnu++20";
				CLANG_ENABLE_MODULES = YES;
				CLANG_ENABLE_OBJC_ARC = YES;
				CLANG_ENABLE_OBJC_WEAK = YES;
				CLANG_WARN_BLOCK_CAPTURE_AUTORELEASING = YES;
				CLANG_WARN_BOOL_CONVERSION = YES;
				CLANG_WARN_COMMA = YES;
				CLANG_WARN_CONSTANT_CONVERSION = YES;
				CLANG_WARN_DEPRECATED_OBJC_IMPLEMENTATIONS = YES;
				CLANG_WARN_DIRECT_OBJC_ISA_USAGE = YES_ERROR;
				CLANG_WARN_DOCUMENTATION_COMMENTS = YES;
				CLANG_WARN_EMPTY_BODY = YES;
				CLANG_WARN_ENUM_CONVERSION = YES;
				CLANG_WARN_INFINITE_RECURSION = YES;
				CLANG_WARN_INT_CONVERSION = YES;
				CLANG_WARN_NON_LITERAL_NULL_CONVERSION = YES;
				CLANG_WARN_OBJC_IMPLICIT_RETAIN_SELF = YES;
				CLANG_WARN_OBJC_LITERAL_CONVERSION = YES;
				CLANG_WARN_OBJC_ROOT_CLASS = YES_ERROR;
				CLANG_WARN_QUOTED_INCLUDE_IN_FRAMEWORK_HEADER = YES;
				CLANG_WARN_RANGE_LOOP_ANALYSIS = YES;
				CLANG_WARN_STRICT_PROTOTYPES = YES;
				CLANG_WARN_SUSPICIOUS_MOVE = YES;
				CLANG_WARN_UNGUARDED_AVAILABILITY = YES_AGGRESSIVE;
				CLANG_WARN_UNREACHABLE_CODE = YES;
				CLANG_WARN__DUPLICATE_METHOD_MATCH = YES;
				COPY_PHASE_STRIP = NO;
				DEBUG_INFORMATION_FORMAT = dwarf;
				ENABLE_STRICT_OBJC_MSGSEND = YES;
				ENABLE_TESTABILITY = YES;
				GCC_C_LANGUAGE_STANDARD = gnu11;
				GCC_DYNAMIC_NO_PIC = NO;
				GCC_NO_COMMON_BLOCKS = YES;
				GCC_OPTIMIZATION_LEVEL = 0;
				GCC_PREPROCESSOR_DEFINITIONS = (
					"DEBUG=1",
					"$(inherited)",
				);
				GCC_WARN_64_TO_32_BIT_CONVERSION = YES;
				GCC_WARN_ABOUT_RETURN_TYPE = YES_ERROR;
				GCC_WARN_UNDECLARED_SELECTOR = YES;
				GCC_WARN_UNINITIALIZED_AUTOS = YES_AGGRESSIVE;
				GCC_WARN_UNUSED_FUNCTION = YES;
				GCC_WARN_UNUSED_VARIABLE = YES;
				IPHONEOS_DEPLOYMENT_TARGET = 16.0;
				MTL_ENABLE_DEBUG_INFO = INCLUDE_SOURCE;
				MTL_FAST_MATH = YES;
				ONLY_ACTIVE_ARCH = YES;
				SDKROOT = iphoneos;
				SWIFT_ACTIVE_COMPILATION_CONDITIONS = DEBUG;
				SWIFT_OPTIMIZATION_LEVEL = "-Onone";
			};
			name = Debug;
		};
		74DB6A3928C616F30031EBAF /* Release */ = {
			isa = XCBuildConfiguration;
			buildSettings = {
				ALWAYS_SEARCH_USER_PATHS = NO;
				CLANG_ANALYZER_NONNULL = YES;
				CLANG_ANALYZER_NUMBER_OBJECT_CONVERSION = YES_AGGRESSIVE;
				CLANG_CXX_LANGUAGE_STANDARD = "gnu++20";
				CLANG_ENABLE_MODULES = YES;
				CLANG_ENABLE_OBJC_ARC = YES;
				CLANG_ENABLE_OBJC_WEAK = YES;
				CLANG_WARN_BLOCK_CAPTURE_AUTORELEASING = YES;
				CLANG_WARN_BOOL_CONVERSION = YES;
				CLANG_WARN_COMMA = YES;
				CLANG_WARN_CONSTANT_CONVERSION = YES;
				CLANG_WARN_DEPRECATED_OBJC_IMPLEMENTATIONS = YES;
				CLANG_WARN_DIRECT_OBJC_ISA_USAGE = YES_ERROR;
				CLANG_WARN_DOCUMENTATION_COMMENTS = YES;
				CLANG_WARN_EMPTY_BODY = YES;
				CLANG_WARN_ENUM_CONVERSION = YES;
				CLANG_WARN_INFINITE_RECURSION = YES;
				CLANG_WARN_INT_CONVERSION = YES;
				CLANG_WARN_NON_LITERAL_NULL_CONVERSION = YES;
				CLANG_WARN_OBJC_IMPLICIT_RETAIN_SELF = YES;
				CLANG_WARN_OBJC_LITERAL_CONVERSION = YES;
				CLANG_WARN_OBJC_ROOT_CLASS = YES_ERROR;
				CLANG_WARN_QUOTED_INCLUDE_IN_FRAMEWORK_HEADER = YES;
				CLANG_WARN_RANGE_LOOP_ANALYSIS = YES;
				CLANG_WARN_STRICT_PROTOTYPES = YES;
				CLANG_WARN_SUSPICIOUS_MOVE = YES;
				CLANG_WARN_UNGUARDED_AVAILABILITY = YES_AGGRESSIVE;
				CLANG_WARN_UNREACHABLE_CODE = YES;
				CLANG_WARN__DUPLICATE_METHOD_MATCH = YES;
				COPY_PHASE_STRIP = NO;
				DEBUG_INFORMATION_FORMAT = "dwarf-with-dsym";
				ENABLE_NS_ASSERTIONS = NO;
				ENABLE_STRICT_OBJC_MSGSEND = YES;
				GCC_C_LANGUAGE_STANDARD = gnu11;
				GCC_NO_COMMON_BLOCKS = YES;
				GCC_WARN_64_TO_32_BIT_CONVERSION = YES;
				GCC_WARN_ABOUT_RETURN_TYPE = YES_ERROR;
				GCC_WARN_UNDECLARED_SELECTOR = YES;
				GCC_WARN_UNINITIALIZED_AUTOS = YES_AGGRESSIVE;
				GCC_WARN_UNUSED_FUNCTION = YES;
				GCC_WARN_UNUSED_VARIABLE = YES;
				IPHONEOS_DEPLOYMENT_TARGET = 16.0;
				MTL_ENABLE_DEBUG_INFO = NO;
				MTL_FAST_MATH = YES;
				SDKROOT = iphoneos;
				SWIFT_COMPILATION_MODE = wholemodule;
				SWIFT_OPTIMIZATION_LEVEL = "-O";
				VALIDATE_PRODUCT = YES;
			};
			name = Release;
		};
		74DB6A3B28C616F30031EBAF /* Debug */ = {
			isa = XCBuildConfiguration;
			buildSettings = {
				ASSETCATALOG_COMPILER_APPICON_NAME = AppIcon;
				ASSETCATALOG_COMPILER_GLOBAL_ACCENT_COLOR_NAME = AccentColor;
				CODE_SIGN_STYLE = Automatic;
				CURRENT_PROJECT_VERSION = 1;
				DEVELOPMENT_TEAM = PTXD49XJ9U;
				GENERATE_INFOPLIST_FILE = YES;
				INFOPLIST_FILE = LoginApp/Info.plist;
				INFOPLIST_KEY_UIApplicationSupportsIndirectInputEvents = YES;
				INFOPLIST_KEY_UILaunchStoryboardName = LaunchScreen;
				INFOPLIST_KEY_UIMainStoryboardFile = Main;
				INFOPLIST_KEY_UISupportedInterfaceOrientations_iPad = "UIInterfaceOrientationPortrait UIInterfaceOrientationPortraitUpsideDown UIInterfaceOrientationLandscapeLeft UIInterfaceOrientationLandscapeRight";
				INFOPLIST_KEY_UISupportedInterfaceOrientations_iPhone = "UIInterfaceOrientationPortrait UIInterfaceOrientationLandscapeLeft UIInterfaceOrientationLandscapeRight";
				LD_RUNPATH_SEARCH_PATHS = (
					"$(inherited)",
					"@executable_path/Frameworks",
				);
				MARKETING_VERSION = 1.0;
				PRODUCT_BUNDLE_IDENTIFIER = com.Foxyo.LoginApp;
				PRODUCT_NAME = "$(TARGET_NAME)";
				SWIFT_EMIT_LOC_STRINGS = YES;
				SWIFT_VERSION = 5.0;
				TARGETED_DEVICE_FAMILY = "1,2";
			};
			name = Debug;
		};
		74DB6A3C28C616F30031EBAF /* Release */ = {
			isa = XCBuildConfiguration;
			buildSettings = {
				ASSETCATALOG_COMPILER_APPICON_NAME = AppIcon;
				ASSETCATALOG_COMPILER_GLOBAL_ACCENT_COLOR_NAME = AccentColor;
				CODE_SIGN_STYLE = Automatic;
				CURRENT_PROJECT_VERSION = 1;
				DEVELOPMENT_TEAM = PTXD49XJ9U;
				GENERATE_INFOPLIST_FILE = YES;
				INFOPLIST_FILE = LoginApp/Info.plist;
				INFOPLIST_KEY_UIApplicationSupportsIndirectInputEvents = YES;
				INFOPLIST_KEY_UILaunchStoryboardName = LaunchScreen;
				INFOPLIST_KEY_UIMainStoryboardFile = Main;
				INFOPLIST_KEY_UISupportedInterfaceOrientations_iPad = "UIInterfaceOrientationPortrait UIInterfaceOrientationPortraitUpsideDown UIInterfaceOrientationLandscapeLeft UIInterfaceOrientationLandscapeRight";
				INFOPLIST_KEY_UISupportedInterfaceOrientations_iPhone = "UIInterfaceOrientationPortrait UIInterfaceOrientationLandscapeLeft UIInterfaceOrientationLandscapeRight";
				LD_RUNPATH_SEARCH_PATHS = (
					"$(inherited)",
					"@executable_path/Frameworks",
				);
				MARKETING_VERSION = 1.0;
				PRODUCT_BUNDLE_IDENTIFIER = com.Foxyo.LoginApp;
				PRODUCT_NAME = "$(TARGET_NAME)";
				SWIFT_EMIT_LOC_STRINGS = YES;
				SWIFT_VERSION = 5.0;
				TARGETED_DEVICE_FAMILY = "1,2";
			};
			name = Release;
		};
/* End XCBuildConfiguration section */

/* Begin XCConfigurationList section */
		74DB6A2128C616F20031EBAF /* Build configuration list for PBXProject "LoginApp" */ = {
			isa = XCConfigurationList;
			buildConfigurations = (
				74DB6A3828C616F30031EBAF /* Debug */,
				74DB6A3928C616F30031EBAF /* Release */,
			);
			defaultConfigurationIsVisible = 0;
			defaultConfigurationName = Release;
		};
		74DB6A3A28C616F30031EBAF /* Build configuration list for PBXNativeTarget "LoginApp" */ = {
			isa = XCConfigurationList;
			buildConfigurations = (
				74DB6A3B28C616F30031EBAF /* Debug */,
				74DB6A3C28C616F30031EBAF /* Release */,
			);
			defaultConfigurationIsVisible = 0;
			defaultConfigurationName = Release;
		};
/* End XCConfigurationList section */

/* Begin XCRemoteSwiftPackageReference section */
		74933D1B29521B9D00B98315 /* XCRemoteSwiftPackageReference "IQKeyboardManager" */ = {
			isa = XCRemoteSwiftPackageReference;
			repositoryURL = "https://github.com/hackiftekhar/IQKeyboardManager.git";
			requirement = {
				branch = master;
				kind = branch;
			};
		};
/* End XCRemoteSwiftPackageReference section */

/* Begin XCSwiftPackageProductDependency section */
		74933D1C29521B9D00B98315 /* IQKeyboardManagerSwift */ = {
			isa = XCSwiftPackageProductDependency;
			package = 74933D1B29521B9D00B98315 /* XCRemoteSwiftPackageReference "IQKeyboardManager" */;
			productName = IQKeyboardManagerSwift;
		};
/* End XCSwiftPackageProductDependency section */
	};
	rootObject = 74DB6A1E28C616F20031EBAF /* Project object */;
}
